# This file is autogenerated, do not edit; changes may be undone by the next 'dep ensure'.


[[projects]]
  name = "github.com/DATA-DOG/godog"
  packages = [".","colors","gherkin"]
  revision = "70f777599da0f5de682b8848d356611c1738b695"
  version = "v0.7.3"

[[projects]]
  name = "github.com/tebeka/selenium"
  packages = ["."]
  revision = "2ccea6e0c0e7425dd3bb6ab291215e2048fd8743"
  version = "v0.9.3"

[solve-meta]
  analyzer-name = "dep"
  analyzer-version = 1
  inputs-digest = "55879a71e0fcfb266201d53a64e54e6c7a4639eb0864bf7136695228e9cb2c76"
  solver-name = "gps-cdcl"
  solver-version = 1
