memo = "091cffc2cb1f1f65a874162ecc8b984b16e7652303b1d5691071ea49c12d7269"

[[projects]]
  name = "github.com/DATA-DOG/godog"
  packages = [".","colors","gherkin"]
  revision = "cf8fbb4ad0d5fab464a5c9b79abbcfbd7c27e85b"
  version = "v0.6.3"

[[projects]]
  branch = "master"
  name = "github.com/tebeka/selenium"
  packages = [".","chrome","firefox","internal/zip"]
  revision = "20942210c3067fbfed8a7ae81e0badf1bf7c467a"
