memo = "76d33850ac0bb1dd52d92c780959be1aa34d111b287034322d66765e00e5ab91"

[[projects]]
  name = "github.com/DATA-DOG/godog"
  packages = [".","colors","gherkin"]
  revision = "cf8fbb4ad0d5fab464a5c9b79abbcfbd7c27e85b"
  version = "v0.6.3"

[[projects]]
  branch = "topic/hide-selenium-password-from-logged-url"
  name = "github.com/tebeka/selenium"
  packages = [".","chrome","firefox","internal/zip"]
  revision = "ab35371b607d81aaf7552671835983a2bbc3a3f0"
  source = "github.com/llonchj/selenium"
